
Microsoft Visual Studio Solution File, Format Version 12.00
# Visual Studio Version 16
VisualStudioVersion = 16.0.31129.286
MinimumVisualStudioVersion = 10.0.40219.1
Project("{FAE04EC0-301F-11D3-BF4B-00C04F79EFBC}") = "JniGen", "JniGen.csproj", "{2C5F8646-8C0E-40E0-B86F-CEC33D203AAA}"
EndProject
Global
	GlobalSection(SolutionConfigurationPlatforms) = preSolution
		Debug|Any CPU = Debug|Any CPU
		Release|Any CPU = Release|Any CPU
	EndGlobalSection
	GlobalSection(ProjectConfigurationPlatforms) = postSolution
		{2C5F8646-8C0E-40E0-B86F-CEC33D203AAA}.Debug|Any CPU.ActiveCfg = Debug|Any CPU
		{2C5F8646-8C0E-40E0-B86F-CEC33D203AAA}.Debug|Any CPU.Build.0 = Debug|Any CPU
		{2C5F8646-8C0E-40E0-B86F-CEC33D203AAA}.Release|Any CPU.ActiveCfg = Release|Any CPU
		{2C5F8646-8C0E-40E0-B86F-CEC33D203AAA}.Release|Any CPU.Build.0 = Release|Any CPU
	EndGlobalSection
	GlobalSection(SolutionProperties) = preSolution
		HideSolutionNode = FALSE
	EndGlobalSection
	GlobalSection(ExtensibilityGlobals) = postSolution
		SolutionGuid = {08B6A739-E221-40A0-907F-398B2CF3903E}
	EndGlobalSection
EndGlobal
